// !$*UTF8*$!
{
	archiveVersion = 1;
	classes = {
	};
	objectVersion = 56;
	objects = {

/* Begin PBXBuildFile section */
		B2134CD42BB8A3D10003EFB6 /* HomeView.swift in Sources */ = {isa = PBXBuildFile; fileRef = B2134CD32BB8A3D10003EFB6 /* HomeView.swift */; };
		B2134CD62BB910510003EFB6 /* DetailView.swift in Sources */ = {isa = PBXBuildFile; fileRef = B2134CD52BB910510003EFB6 /* DetailView.swift */; };
		B2880F312BB5102400687B83 /* MovieApp.swift in Sources */ = {isa = PBXBuildFile; fileRef = B2880F302BB5102400687B83 /* MovieApp.swift */; };
		B2880F332BB5102400687B83 /* ContentView.swift in Sources */ = {isa = PBXBuildFile; fileRef = B2880F322BB5102400687B83 /* ContentView.swift */; };
		B2880F352BB5102800687B83 /* Assets.xcassets in Resources */ = {isa = PBXBuildFile; fileRef = B2880F342BB5102800687B83 /* Assets.xcassets */; };
		B2880F382BB5102800687B83 /* Preview Assets.xcassets in Resources */ = {isa = PBXBuildFile; fileRef = B2880F372BB5102800687B83 /* Preview Assets.xcassets */; };
		B28D89B62BC4B11E002BAEA0 /* SeatChoiceView.swift in Sources */ = {isa = PBXBuildFile; fileRef = B28D89B52BC4B11E002BAEA0 /* SeatChoiceView.swift */; };
		B28D89B82BC4B415002BAEA0 /* TicketDate.swift in Sources */ = {isa = PBXBuildFile; fileRef = B28D89B72BC4B415002BAEA0 /* TicketDate.swift */; };
		B28D89BA2BC4B58E002BAEA0 /* DateTimeView.swift in Sources */ = {isa = PBXBuildFile; fileRef = B28D89B92BC4B58E002BAEA0 /* DateTimeView.swift */; };
		B28D89BD2BC4B611002BAEA0 /* DateEXT.swift in Sources */ = {isa = PBXBuildFile; fileRef = B28D89BC2BC4B611002BAEA0 /* DateEXT.swift */; };
		B28D89BF2BC4B9B3002BAEA0 /* DateView.swift in Sources */ = {isa = PBXBuildFile; fileRef = B28D89BE2BC4B9B3002BAEA0 /* DateView.swift */; };
		B28D89C12BC4C0EA002BAEA0 /* TimeView.swift in Sources */ = {isa = PBXBuildFile; fileRef = B28D89C02BC4C0EA002BAEA0 /* TimeView.swift */; };
		B299132C2BD0C225009368A2 /* NetworkManager.swift in Sources */ = {isa = PBXBuildFile; fileRef = B299132B2BD0C225009368A2 /* NetworkManager.swift */; };
		B29913332BD0CD73009368A2 /* Movies.swift in Sources */ = {isa = PBXBuildFile; fileRef = B29913322BD0CD73009368A2 /* Movies.swift */; };
		B29913352BD0CDAD009368A2 /* Dates.swift in Sources */ = {isa = PBXBuildFile; fileRef = B29913342BD0CDAD009368A2 /* Dates.swift */; };
		B29913372BD0CE0A009368A2 /* Movie.swift in Sources */ = {isa = PBXBuildFile; fileRef = B29913362BD0CE0A009368A2 /* Movie.swift */; };
		B299133A2BD0DBA7009368A2 /* MOError.swift in Sources */ = {isa = PBXBuildFile; fileRef = B29913392BD0DBA7009368A2 /* MOError.swift */; };
		B299133C2BD0DBE0009368A2 /* Alert.swift in Sources */ = {isa = PBXBuildFile; fileRef = B299133B2BD0DBE0009368A2 /* Alert.swift */; };
		B299133E2BD0DF16009368A2 /* HomeViewModel.swift in Sources */ = {isa = PBXBuildFile; fileRef = B299133D2BD0DF16009368A2 /* HomeViewModel.swift */; };
		B2AF9B572BD4D0EC005CE9E6 /* MovieDetail.swift in Sources */ = {isa = PBXBuildFile; fileRef = B2AF9B562BD4D0EC005CE9E6 /* MovieDetail.swift */; };
		B2D468552BC5BBCF00D830B3 /* OrderSummaryView.swift in Sources */ = {isa = PBXBuildFile; fileRef = B2D468542BC5BBCF00D830B3 /* OrderSummaryView.swift */; };
		B2D468572BC5F0FD00D830B3 /* PaymentTimer.swift in Sources */ = {isa = PBXBuildFile; fileRef = B2D468562BC5F0FD00D830B3 /* PaymentTimer.swift */; };
		B2D468592BC64C3400D830B3 /* TicketView.swift in Sources */ = {isa = PBXBuildFile; fileRef = B2D468582BC64C3400D830B3 /* TicketView.swift */; };
		B2D4685B2BC6537700D830B3 /* DashSeparator.swift in Sources */ = {isa = PBXBuildFile; fileRef = B2D4685A2BC6537700D830B3 /* DashSeparator.swift */; };
		B2D4685D2BC653EC00D830B3 /* TopTicketView.swift in Sources */ = {isa = PBXBuildFile; fileRef = B2D4685C2BC653EC00D830B3 /* TopTicketView.swift */; };
		B2E727DB2BC7AD110004DBAE /* TicketDetailView.swift in Sources */ = {isa = PBXBuildFile; fileRef = B2E727DA2BC7AD110004DBAE /* TicketDetailView.swift */; };
		B2E727DE2BC7ADA90004DBAE /* FullWidthModifier.swift in Sources */ = {isa = PBXBuildFile; fileRef = B2E727DD2BC7ADA90004DBAE /* FullWidthModifier.swift */; };
		B2E727E02BC7AF990004DBAE /* BottomTicketView.swift in Sources */ = {isa = PBXBuildFile; fileRef = B2E727DF2BC7AF990004DBAE /* BottomTicketView.swift */; };
		B2E727E22BC7B0640004DBAE /* CardStyleModifier.swift in Sources */ = {isa = PBXBuildFile; fileRef = B2E727E12BC7B0640004DBAE /* CardStyleModifier.swift */; };
		B2E727E52BC7BC040004DBAE /* TicketShape.swift in Sources */ = {isa = PBXBuildFile; fileRef = B2E727E42BC7BC040004DBAE /* TicketShape.swift */; };
		B2E730F22BC10AE500329EA9 /* Theatre.swift in Sources */ = {isa = PBXBuildFile; fileRef = B2E730F12BC10AE500329EA9 /* Theatre.swift */; };
		B2E730F42BC10B5400329EA9 /* ScreenShape.swift in Sources */ = {isa = PBXBuildFile; fileRef = B2E730F32BC10B5400329EA9 /* ScreenShape.swift */; };
		B2E730F62BC47D1100329EA9 /* Seat.swift in Sources */ = {isa = PBXBuildFile; fileRef = B2E730F52BC47D1100329EA9 /* Seat.swift */; };
		B2E730F82BC47D6B00329EA9 /* ChairView.swift in Sources */ = {isa = PBXBuildFile; fileRef = B2E730F72BC47D6B00329EA9 /* ChairView.swift */; };
		B2E730FA2BC48E4D00329EA9 /* ChairLegend.swift in Sources */ = {isa = PBXBuildFile; fileRef = B2E730F92BC48E4D00329EA9 /* ChairLegend.swift */; };
		B2F4F6392BD38C6D009297B3 /* DetailViewModel.swift in Sources */ = {isa = PBXBuildFile; fileRef = B2F4F6382BD38C6D009297B3 /* DetailViewModel.swift */; };
/* End PBXBuildFile section */

/* Begin PBXFileReference section */
		B2134CD32BB8A3D10003EFB6 /* HomeView.swift */ = {isa = PBXFileReference; lastKnownFileType = sourcecode.swift; path = HomeView.swift; sourceTree = "<group>"; };
		B2134CD52BB910510003EFB6 /* DetailView.swift */ = {isa = PBXFileReference; lastKnownFileType = sourcecode.swift; path = DetailView.swift; sourceTree = "<group>"; };
		B2880F2D2BB5102400687B83 /* Movie.app */ = {isa = PBXFileReference; explicitFileType = wrapper.application; includeInIndex = 0; path = Movie.app; sourceTree = BUILT_PRODUCTS_DIR; };
		B2880F302BB5102400687B83 /* MovieApp.swift */ = {isa = PBXFileReference; lastKnownFileType = sourcecode.swift; path = MovieApp.swift; sourceTree = "<group>"; };
		B2880F322BB5102400687B83 /* ContentView.swift */ = {isa = PBXFileReference; lastKnownFileType = sourcecode.swift; path = ContentView.swift; sourceTree = "<group>"; };
		B2880F342BB5102800687B83 /* Assets.xcassets */ = {isa = PBXFileReference; lastKnownFileType = folder.assetcatalog; path = Assets.xcassets; sourceTree = "<group>"; };
		B2880F372BB5102800687B83 /* Preview Assets.xcassets */ = {isa = PBXFileReference; lastKnownFileType = folder.assetcatalog; path = "Preview Assets.xcassets"; sourceTree = "<group>"; };
		B28D89B52BC4B11E002BAEA0 /* SeatChoiceView.swift */ = {isa = PBXFileReference; lastKnownFileType = sourcecode.swift; path = SeatChoiceView.swift; sourceTree = "<group>"; };
		B28D89B72BC4B415002BAEA0 /* TicketDate.swift */ = {isa = PBXFileReference; lastKnownFileType = sourcecode.swift; path = TicketDate.swift; sourceTree = "<group>"; };
		B28D89B92BC4B58E002BAEA0 /* DateTimeView.swift */ = {isa = PBXFileReference; lastKnownFileType = sourcecode.swift; path = DateTimeView.swift; sourceTree = "<group>"; };
		B28D89BC2BC4B611002BAEA0 /* DateEXT.swift */ = {isa = PBXFileReference; lastKnownFileType = sourcecode.swift; path = DateEXT.swift; sourceTree = "<group>"; };
		B28D89BE2BC4B9B3002BAEA0 /* DateView.swift */ = {isa = PBXFileReference; lastKnownFileType = sourcecode.swift; path = DateView.swift; sourceTree = "<group>"; };
		B28D89C02BC4C0EA002BAEA0 /* TimeView.swift */ = {isa = PBXFileReference; lastKnownFileType = sourcecode.swift; path = TimeView.swift; sourceTree = "<group>"; };
		B299132B2BD0C225009368A2 /* NetworkManager.swift */ = {isa = PBXFileReference; lastKnownFileType = sourcecode.swift; path = NetworkManager.swift; sourceTree = "<group>"; };
		B29913322BD0CD73009368A2 /* Movies.swift */ = {isa = PBXFileReference; lastKnownFileType = sourcecode.swift; path = Movies.swift; sourceTree = "<group>"; };
		B29913342BD0CDAD009368A2 /* Dates.swift */ = {isa = PBXFileReference; lastKnownFileType = sourcecode.swift; path = Dates.swift; sourceTree = "<group>"; };
		B29913362BD0CE0A009368A2 /* Movie.swift */ = {isa = PBXFileReference; lastKnownFileType = sourcecode.swift; path = Movie.swift; sourceTree = "<group>"; };
		B29913392BD0DBA7009368A2 /* MOError.swift */ = {isa = PBXFileReference; lastKnownFileType = sourcecode.swift; path = MOError.swift; sourceTree = "<group>"; };
		B299133B2BD0DBE0009368A2 /* Alert.swift */ = {isa = PBXFileReference; lastKnownFileType = sourcecode.swift; path = Alert.swift; sourceTree = "<group>"; };
		B299133D2BD0DF16009368A2 /* HomeViewModel.swift */ = {isa = PBXFileReference; lastKnownFileType = sourcecode.swift; path = HomeViewModel.swift; sourceTree = "<group>"; };
		B2AF9B562BD4D0EC005CE9E6 /* MovieDetail.swift */ = {isa = PBXFileReference; lastKnownFileType = sourcecode.swift; path = MovieDetail.swift; sourceTree = "<group>"; };
		B2D468542BC5BBCF00D830B3 /* OrderSummaryView.swift */ = {isa = PBXFileReference; lastKnownFileType = sourcecode.swift; path = OrderSummaryView.swift; sourceTree = "<group>"; };
		B2D468562BC5F0FD00D830B3 /* PaymentTimer.swift */ = {isa = PBXFileReference; lastKnownFileType = sourcecode.swift; path = PaymentTimer.swift; sourceTree = "<group>"; };
		B2D468582BC64C3400D830B3 /* TicketView.swift */ = {isa = PBXFileReference; lastKnownFileType = sourcecode.swift; path = TicketView.swift; sourceTree = "<group>"; };
		B2D4685A2BC6537700D830B3 /* DashSeparator.swift */ = {isa = PBXFileReference; lastKnownFileType = sourcecode.swift; path = DashSeparator.swift; sourceTree = "<group>"; };
		B2D4685C2BC653EC00D830B3 /* TopTicketView.swift */ = {isa = PBXFileReference; lastKnownFileType = sourcecode.swift; path = TopTicketView.swift; sourceTree = "<group>"; };
		B2E727DA2BC7AD110004DBAE /* TicketDetailView.swift */ = {isa = PBXFileReference; lastKnownFileType = sourcecode.swift; path = TicketDetailView.swift; sourceTree = "<group>"; };
		B2E727DD2BC7ADA90004DBAE /* FullWidthModifier.swift */ = {isa = PBXFileReference; lastKnownFileType = sourcecode.swift; path = FullWidthModifier.swift; sourceTree = "<group>"; };
		B2E727DF2BC7AF990004DBAE /* BottomTicketView.swift */ = {isa = PBXFileReference; lastKnownFileType = sourcecode.swift; path = BottomTicketView.swift; sourceTree = "<group>"; };
		B2E727E12BC7B0640004DBAE /* CardStyleModifier.swift */ = {isa = PBXFileReference; lastKnownFileType = sourcecode.swift; path = CardStyleModifier.swift; sourceTree = "<group>"; };
		B2E727E42BC7BC040004DBAE /* TicketShape.swift */ = {isa = PBXFileReference; lastKnownFileType = sourcecode.swift; path = TicketShape.swift; sourceTree = "<group>"; };
		B2E730F12BC10AE500329EA9 /* Theatre.swift */ = {isa = PBXFileReference; lastKnownFileType = sourcecode.swift; path = Theatre.swift; sourceTree = "<group>"; };
		B2E730F32BC10B5400329EA9 /* ScreenShape.swift */ = {isa = PBXFileReference; lastKnownFileType = sourcecode.swift; path = ScreenShape.swift; sourceTree = "<group>"; };
		B2E730F52BC47D1100329EA9 /* Seat.swift */ = {isa = PBXFileReference; lastKnownFileType = sourcecode.swift; path = Seat.swift; sourceTree = "<group>"; };
		B2E730F72BC47D6B00329EA9 /* ChairView.swift */ = {isa = PBXFileReference; lastKnownFileType = sourcecode.swift; path = ChairView.swift; sourceTree = "<group>"; };
		B2E730F92BC48E4D00329EA9 /* ChairLegend.swift */ = {isa = PBXFileReference; lastKnownFileType = sourcecode.swift; path = ChairLegend.swift; sourceTree = "<group>"; };
		B2F4F6382BD38C6D009297B3 /* DetailViewModel.swift */ = {isa = PBXFileReference; lastKnownFileType = sourcecode.swift; path = DetailViewModel.swift; sourceTree = "<group>"; };
/* End PBXFileReference section */

/* Begin PBXFrameworksBuildPhase section */
		B2880F2A2BB5102400687B83 /* Frameworks */ = {
			isa = PBXFrameworksBuildPhase;
			buildActionMask = 2147483647;
			files = (
			);
			runOnlyForDeploymentPostprocessing = 0;
		};
/* End PBXFrameworksBuildPhase section */

/* Begin PBXGroup section */
		B2134CCA2BB891330003EFB6 /* Screens */ = {
			isa = PBXGroup;
			children = (
				B299133F2BD0DF1A009368A2 /* HomeViews */,
				B2F4F6372BD38B91009297B3 /* DetailViews */,
				B28D89B52BC4B11E002BAEA0 /* SeatChoiceView.swift */,
				B2D468542BC5BBCF00D830B3 /* OrderSummaryView.swift */,
				B2D468582BC64C3400D830B3 /* TicketView.swift */,
			);
			path = Screens;
			sourceTree = "<group>";
		};
		B2134CCD2BB89A6A0003EFB6 /* Models */ = {
			isa = PBXGroup;
			children = (
				B2E730F52BC47D1100329EA9 /* Seat.swift */,
				B28D89B72BC4B415002BAEA0 /* TicketDate.swift */,
				B29913322BD0CD73009368A2 /* Movies.swift */,
				B29913342BD0CDAD009368A2 /* Dates.swift */,
				B29913362BD0CE0A009368A2 /* Movie.swift */,
				B2AF9B562BD4D0EC005CE9E6 /* MovieDetail.swift */,
			);
			path = Models;
			sourceTree = "<group>";
		};
		B2134CD02BB89B3E0003EFB6 /* Components */ = {
			isa = PBXGroup;
			children = (
				B29913312BD0C496009368A2 /* Date */,
				B29913302BD0C48A009368A2 /* Time */,
				B299132F2BD0C47A009368A2 /* Chair */,
				B299132E2BD0C450009368A2 /* Ticket */,
				B2E730F12BC10AE500329EA9 /* Theatre.swift */,
				B2D4685A2BC6537700D830B3 /* DashSeparator.swift */,
			);
			path = Components;
			sourceTree = "<group>";
		};
		B2880F242BB5102400687B83 = {
			isa = PBXGroup;
			children = (
				B2880F2F2BB5102400687B83 /* Movie */,
				B2880F2E2BB5102400687B83 /* Products */,
			);
			sourceTree = "<group>";
		};
		B2880F2E2BB5102400687B83 /* Products */ = {
			isa = PBXGroup;
			children = (
				B2880F2D2BB5102400687B83 /* Movie.app */,
			);
			name = Products;
			sourceTree = "<group>";
		};
		B2880F2F2BB5102400687B83 /* Movie */ = {
			isa = PBXGroup;
			children = (
				B2134CCD2BB89A6A0003EFB6 /* Models */,
				B299132D2BD0C401009368A2 /* Utilities */,
				B2134CD02BB89B3E0003EFB6 /* Components */,
				B2134CCA2BB891330003EFB6 /* Screens */,
				B2880F302BB5102400687B83 /* MovieApp.swift */,
				B2880F322BB5102400687B83 /* ContentView.swift */,
				B2880F342BB5102800687B83 /* Assets.xcassets */,
				B2880F362BB5102800687B83 /* Preview Content */,
			);
			path = Movie;
			sourceTree = "<group>";
		};
		B2880F362BB5102800687B83 /* Preview Content */ = {
			isa = PBXGroup;
			children = (
				B2880F372BB5102800687B83 /* Preview Assets.xcassets */,
			);
			path = "Preview Content";
			sourceTree = "<group>";
		};
		B28D89BB2BC4B5E5002BAEA0 /* Extension */ = {
			isa = PBXGroup;
			children = (
				B28D89BC2BC4B611002BAEA0 /* DateEXT.swift */,
			);
			path = Extension;
			sourceTree = "<group>";
		};
		B299132A2BD0C213009368A2 /* Managers */ = {
			isa = PBXGroup;
			children = (
				B299132B2BD0C225009368A2 /* NetworkManager.swift */,
			);
			path = Managers;
			sourceTree = "<group>";
		};
		B299132D2BD0C401009368A2 /* Utilities */ = {
			isa = PBXGroup;
			children = (
				B29913382BD0DB8A009368A2 /* Alerts */,
				B2E727E32BC7BBF60004DBAE /* Shape */,
				B2E727DC2BC7AD930004DBAE /* Modifier */,
				B28D89BB2BC4B5E5002BAEA0 /* Extension */,
				B299132A2BD0C213009368A2 /* Managers */,
			);
			path = Utilities;
			sourceTree = "<group>";
		};
		B299132E2BD0C450009368A2 /* Ticket */ = {
			isa = PBXGroup;
			children = (
				B2D4685C2BC653EC00D830B3 /* TopTicketView.swift */,
				B2E727DA2BC7AD110004DBAE /* TicketDetailView.swift */,
				B2E727DF2BC7AF990004DBAE /* BottomTicketView.swift */,
			);
			path = Ticket;
			sourceTree = "<group>";
		};
		B299132F2BD0C47A009368A2 /* Chair */ = {
			isa = PBXGroup;
			children = (
				B2E730F72BC47D6B00329EA9 /* ChairView.swift */,
				B2E730F92BC48E4D00329EA9 /* ChairLegend.swift */,
			);
			path = Chair;
			sourceTree = "<group>";
		};
		B29913302BD0C48A009368A2 /* Time */ = {
			isa = PBXGroup;
			children = (
				B28D89C02BC4C0EA002BAEA0 /* TimeView.swift */,
				B2D468562BC5F0FD00D830B3 /* PaymentTimer.swift */,
			);
			path = Time;
			sourceTree = "<group>";
		};
		B29913312BD0C496009368A2 /* Date */ = {
			isa = PBXGroup;
			children = (
				B28D89B92BC4B58E002BAEA0 /* DateTimeView.swift */,
				B28D89BE2BC4B9B3002BAEA0 /* DateView.swift */,
			);
			path = Date;
			sourceTree = "<group>";
		};
		B29913382BD0DB8A009368A2 /* Alerts */ = {
			isa = PBXGroup;
			children = (
				B29913392BD0DBA7009368A2 /* MOError.swift */,
				B299133B2BD0DBE0009368A2 /* Alert.swift */,
			);
			path = Alerts;
			sourceTree = "<group>";
		};
		B299133F2BD0DF1A009368A2 /* HomeViews */ = {
			isa = PBXGroup;
			children = (
				B2134CD32BB8A3D10003EFB6 /* HomeView.swift */,
				B299133D2BD0DF16009368A2 /* HomeViewModel.swift */,
			);
			path = HomeViews;
			sourceTree = "<group>";
		};
		B2E727DC2BC7AD930004DBAE /* Modifier */ = {
			isa = PBXGroup;
			children = (
				B2E727DD2BC7ADA90004DBAE /* FullWidthModifier.swift */,
				B2E727E12BC7B0640004DBAE /* CardStyleModifier.swift */,
			);
			path = Modifier;
			sourceTree = "<group>";
		};
		B2E727E32BC7BBF60004DBAE /* Shape */ = {
			isa = PBXGroup;
			children = (
				B2E727E42BC7BC040004DBAE /* TicketShape.swift */,
				B2E730F32BC10B5400329EA9 /* ScreenShape.swift */,
			);
			path = Shape;
			sourceTree = "<group>";
		};
		B2F4F6372BD38B91009297B3 /* DetailViews */ = {
			isa = PBXGroup;
			children = (
				B2134CD52BB910510003EFB6 /* DetailView.swift */,
				B2F4F6382BD38C6D009297B3 /* DetailViewModel.swift */,
			);
			path = DetailViews;
			sourceTree = "<group>";
		};
/* End PBXGroup section */

/* Begin PBXNativeTarget section */
		B2880F2C2BB5102400687B83 /* Movie */ = {
			isa = PBXNativeTarget;
			buildConfigurationList = B2880F3B2BB5102800687B83 /* Build configuration list for PBXNativeTarget "Movie" */;
			buildPhases = (
				B2880F292BB5102400687B83 /* Sources */,
				B2880F2A2BB5102400687B83 /* Frameworks */,
				B2880F2B2BB5102400687B83 /* Resources */,
			);
			buildRules = (
			);
			dependencies = (
			);
			name = Movie;
			productName = Movie;
			productReference = B2880F2D2BB5102400687B83 /* Movie.app */;
			productType = "com.apple.product-type.application";
		};
/* End PBXNativeTarget section */

/* Begin PBXProject section */
		B2880F252BB5102400687B83 /* Project object */ = {
			isa = PBXProject;
			attributes = {
				BuildIndependentTargetsInParallel = 1;
				LastSwiftUpdateCheck = 1530;
				LastUpgradeCheck = 1530;
				TargetAttributes = {
					B2880F2C2BB5102400687B83 = {
						CreatedOnToolsVersion = 15.3;
					};
				};
			};
			buildConfigurationList = B2880F282BB5102400687B83 /* Build configuration list for PBXProject "Movie" */;
			compatibilityVersion = "Xcode 14.0";
			developmentRegion = en;
			hasScannedForEncodings = 0;
			knownRegions = (
				en,
				Base,
			);
			mainGroup = B2880F242BB5102400687B83;
			productRefGroup = B2880F2E2BB5102400687B83 /* Products */;
			projectDirPath = "";
			projectRoot = "";
			targets = (
				B2880F2C2BB5102400687B83 /* Movie */,
			);
		};
/* End PBXProject section */

/* Begin PBXResourcesBuildPhase section */
		B2880F2B2BB5102400687B83 /* Resources */ = {
			isa = PBXResourcesBuildPhase;
			buildActionMask = 2147483647;
			files = (
				B2880F382BB5102800687B83 /* Preview Assets.xcassets in Resources */,
				B2880F352BB5102800687B83 /* Assets.xcassets in Resources */,
			);
			runOnlyForDeploymentPostprocessing = 0;
		};
/* End PBXResourcesBuildPhase section */

/* Begin PBXSourcesBuildPhase section */
		B2880F292BB5102400687B83 /* Sources */ = {
			isa = PBXSourcesBuildPhase;
			buildActionMask = 2147483647;
			files = (
				B2134CD42BB8A3D10003EFB6 /* HomeView.swift in Sources */,
				B2134CD62BB910510003EFB6 /* DetailView.swift in Sources */,
				B28D89C12BC4C0EA002BAEA0 /* TimeView.swift in Sources */,
				B299133E2BD0DF16009368A2 /* HomeViewModel.swift in Sources */,
				B2E727E52BC7BC040004DBAE /* TicketShape.swift in Sources */,
				B28D89BF2BC4B9B3002BAEA0 /* DateView.swift in Sources */,
				B28D89B82BC4B415002BAEA0 /* TicketDate.swift in Sources */,
				B2E727DB2BC7AD110004DBAE /* TicketDetailView.swift in Sources */,
				B2F4F6392BD38C6D009297B3 /* DetailViewModel.swift in Sources */,
				B2E727DE2BC7ADA90004DBAE /* FullWidthModifier.swift in Sources */,
				B2E730F62BC47D1100329EA9 /* Seat.swift in Sources */,
				B2D468592BC64C3400D830B3 /* TicketView.swift in Sources */,
				B28D89BD2BC4B611002BAEA0 /* DateEXT.swift in Sources */,
				B29913352BD0CDAD009368A2 /* Dates.swift in Sources */,
				B29913332BD0CD73009368A2 /* Movies.swift in Sources */,
				B2E730F22BC10AE500329EA9 /* Theatre.swift in Sources */,
				B2E730F82BC47D6B00329EA9 /* ChairView.swift in Sources */,
				B2E727E22BC7B0640004DBAE /* CardStyleModifier.swift in Sources */,
				B2E730F42BC10B5400329EA9 /* ScreenShape.swift in Sources */,
				B2D468552BC5BBCF00D830B3 /* OrderSummaryView.swift in Sources */,
				B299132C2BD0C225009368A2 /* NetworkManager.swift in Sources */,
				B2D4685D2BC653EC00D830B3 /* TopTicketView.swift in Sources */,
				B28D89B62BC4B11E002BAEA0 /* SeatChoiceView.swift in Sources */,
				B2880F332BB5102400687B83 /* ContentView.swift in Sources */,
				B299133A2BD0DBA7009368A2 /* MOError.swift in Sources */,
				B28D89BA2BC4B58E002BAEA0 /* DateTimeView.swift in Sources */,
				B299133C2BD0DBE0009368A2 /* Alert.swift in Sources */,
				B29913372BD0CE0A009368A2 /* Movie.swift in Sources */,
				B2E730FA2BC48E4D00329EA9 /* ChairLegend.swift in Sources */,
				B2880F312BB5102400687B83 /* MovieApp.swift in Sources */,
				B2E727E02BC7AF990004DBAE /* BottomTicketView.swift in Sources */,
				B2AF9B572BD4D0EC005CE9E6 /* MovieDetail.swift in Sources */,
				B2D4685B2BC6537700D830B3 /* DashSeparator.swift in Sources */,
				B2D468572BC5F0FD00D830B3 /* PaymentTimer.swift in Sources */,
			);
			runOnlyForDeploymentPostprocessing = 0;
		};
/* End PBXSourcesBuildPhase section */

/* Begin XCBuildConfiguration section */
		B2880F392BB5102800687B83 /* Debug */ = {
			isa = XCBuildConfiguration;
			buildSettings = {
				ALWAYS_SEARCH_USER_PATHS = NO;
				ASSETCATALOG_COMPILER_GENERATE_SWIFT_ASSET_SYMBOL_EXTENSIONS = YES;
				CLANG_ANALYZER_NONNULL = YES;
				CLANG_ANALYZER_NUMBER_OBJECT_CONVERSION = YES_AGGRESSIVE;
				CLANG_CXX_LANGUAGE_STANDARD = "gnu++20";
				CLANG_ENABLE_MODULES = YES;
				CLANG_ENABLE_OBJC_ARC = YES;
				CLANG_ENABLE_OBJC_WEAK = YES;
				CLANG_WARN_BLOCK_CAPTURE_AUTORELEASING = YES;
				CLANG_WARN_BOOL_CONVERSION = YES;
				CLANG_WARN_COMMA = YES;
				CLANG_WARN_CONSTANT_CONVERSION = YES;
				CLANG_WARN_DEPRECATED_OBJC_IMPLEMENTATIONS = YES;
				CLANG_WARN_DIRECT_OBJC_ISA_USAGE = YES_ERROR;
				CLANG_WARN_DOCUMENTATION_COMMENTS = YES;
				CLANG_WARN_EMPTY_BODY = YES;
				CLANG_WARN_ENUM_CONVERSION = YES;
				CLANG_WARN_INFINITE_RECURSION = YES;
				CLANG_WARN_INT_CONVERSION = YES;
				CLANG_WARN_NON_LITERAL_NULL_CONVERSION = YES;
				CLANG_WARN_OBJC_IMPLICIT_RETAIN_SELF = YES;
				CLANG_WARN_OBJC_LITERAL_CONVERSION = YES;
				CLANG_WARN_OBJC_ROOT_CLASS = YES_ERROR;
				CLANG_WARN_QUOTED_INCLUDE_IN_FRAMEWORK_HEADER = YES;
				CLANG_WARN_RANGE_LOOP_ANALYSIS = YES;
				CLANG_WARN_STRICT_PROTOTYPES = YES;
				CLANG_WARN_SUSPICIOUS_MOVE = YES;
				CLANG_WARN_UNGUARDED_AVAILABILITY = YES_AGGRESSIVE;
				CLANG_WARN_UNREACHABLE_CODE = YES;
				CLANG_WARN__DUPLICATE_METHOD_MATCH = YES;
				COPY_PHASE_STRIP = NO;
				DEBUG_INFORMATION_FORMAT = dwarf;
				ENABLE_STRICT_OBJC_MSGSEND = YES;
				ENABLE_TESTABILITY = YES;
				ENABLE_USER_SCRIPT_SANDBOXING = YES;
				GCC_C_LANGUAGE_STANDARD = gnu17;
				GCC_DYNAMIC_NO_PIC = NO;
				GCC_NO_COMMON_BLOCKS = YES;
				GCC_OPTIMIZATION_LEVEL = 0;
				GCC_PREPROCESSOR_DEFINITIONS = (
					"DEBUG=1",
					"$(inherited)",
				);
				GCC_WARN_64_TO_32_BIT_CONVERSION = YES;
				GCC_WARN_ABOUT_RETURN_TYPE = YES_ERROR;
				GCC_WARN_UNDECLARED_SELECTOR = YES;
				GCC_WARN_UNINITIALIZED_AUTOS = YES_AGGRESSIVE;
				GCC_WARN_UNUSED_FUNCTION = YES;
				GCC_WARN_UNUSED_VARIABLE = YES;
				IPHONEOS_DEPLOYMENT_TARGET = 17.4;
				LOCALIZATION_PREFERS_STRING_CATALOGS = YES;
				MTL_ENABLE_DEBUG_INFO = INCLUDE_SOURCE;
				MTL_FAST_MATH = YES;
				ONLY_ACTIVE_ARCH = YES;
				SDKROOT = iphoneos;
				SWIFT_ACTIVE_COMPILATION_CONDITIONS = "DEBUG $(inherited)";
				SWIFT_OPTIMIZATION_LEVEL = "-Onone";
			};
			name = Debug;
		};
		B2880F3A2BB5102800687B83 /* Release */ = {
			isa = XCBuildConfiguration;
			buildSettings = {
				ALWAYS_SEARCH_USER_PATHS = NO;
				ASSETCATALOG_COMPILER_GENERATE_SWIFT_ASSET_SYMBOL_EXTENSIONS = YES;
				CLANG_ANALYZER_NONNULL = YES;
				CLANG_ANALYZER_NUMBER_OBJECT_CONVERSION = YES_AGGRESSIVE;
				CLANG_CXX_LANGUAGE_STANDARD = "gnu++20";
				CLANG_ENABLE_MODULES = YES;
				CLANG_ENABLE_OBJC_ARC = YES;
				CLANG_ENABLE_OBJC_WEAK = YES;
				CLANG_WARN_BLOCK_CAPTURE_AUTORELEASING = YES;
				CLANG_WARN_BOOL_CONVERSION = YES;
				CLANG_WARN_COMMA = YES;
				CLANG_WARN_CONSTANT_CONVERSION = YES;
				CLANG_WARN_DEPRECATED_OBJC_IMPLEMENTATIONS = YES;
				CLANG_WARN_DIRECT_OBJC_ISA_USAGE = YES_ERROR;
				CLANG_WARN_DOCUMENTATION_COMMENTS = YES;
				CLANG_WARN_EMPTY_BODY = YES;
				CLANG_WARN_ENUM_CONVERSION = YES;
				CLANG_WARN_INFINITE_RECURSION = YES;
				CLANG_WARN_INT_CONVERSION = YES;
				CLANG_WARN_NON_LITERAL_NULL_CONVERSION = YES;
				CLANG_WARN_OBJC_IMPLICIT_RETAIN_SELF = YES;
				CLANG_WARN_OBJC_LITERAL_CONVERSION = YES;
				CLANG_WARN_OBJC_ROOT_CLASS = YES_ERROR;
				CLANG_WARN_QUOTED_INCLUDE_IN_FRAMEWORK_HEADER = YES;
				CLANG_WARN_RANGE_LOOP_ANALYSIS = YES;
				CLANG_WARN_STRICT_PROTOTYPES = YES;
				CLANG_WARN_SUSPICIOUS_MOVE = YES;
				CLANG_WARN_UNGUARDED_AVAILABILITY = YES_AGGRESSIVE;
				CLANG_WARN_UNREACHABLE_CODE = YES;
				CLANG_WARN__DUPLICATE_METHOD_MATCH = YES;
				COPY_PHASE_STRIP = NO;
				DEBUG_INFORMATION_FORMAT = "dwarf-with-dsym";
				ENABLE_NS_ASSERTIONS = NO;
				ENABLE_STRICT_OBJC_MSGSEND = YES;
				ENABLE_USER_SCRIPT_SANDBOXING = YES;
				GCC_C_LANGUAGE_STANDARD = gnu17;
				GCC_NO_COMMON_BLOCKS = YES;
				GCC_WARN_64_TO_32_BIT_CONVERSION = YES;
				GCC_WARN_ABOUT_RETURN_TYPE = YES_ERROR;
				GCC_WARN_UNDECLARED_SELECTOR = YES;
				GCC_WARN_UNINITIALIZED_AUTOS = YES_AGGRESSIVE;
				GCC_WARN_UNUSED_FUNCTION = YES;
				GCC_WARN_UNUSED_VARIABLE = YES;
				IPHONEOS_DEPLOYMENT_TARGET = 17.4;
				LOCALIZATION_PREFERS_STRING_CATALOGS = YES;
				MTL_ENABLE_DEBUG_INFO = NO;
				MTL_FAST_MATH = YES;
				SDKROOT = iphoneos;
				SWIFT_COMPILATION_MODE = wholemodule;
				VALIDATE_PRODUCT = YES;
			};
			name = Release;
		};
		B2880F3C2BB5102800687B83 /* Debug */ = {
			isa = XCBuildConfiguration;
			buildSettings = {
				ASSETCATALOG_COMPILER_APPICON_NAME = AppIcon;
				ASSETCATALOG_COMPILER_GLOBAL_ACCENT_COLOR_NAME = AccentColor;
				CODE_SIGN_STYLE = Automatic;
				CURRENT_PROJECT_VERSION = 1;
				DEVELOPMENT_ASSET_PATHS = "\"Movie/Preview Content\"";
				ENABLE_PREVIEWS = YES;
				GENERATE_INFOPLIST_FILE = YES;
				INFOPLIST_KEY_UIApplicationSceneManifest_Generation = YES;
				INFOPLIST_KEY_UIApplicationSupportsIndirectInputEvents = YES;
				INFOPLIST_KEY_UILaunchScreen_Generation = YES;
				INFOPLIST_KEY_UISupportedInterfaceOrientations_iPad = "UIInterfaceOrientationPortrait UIInterfaceOrientationPortraitUpsideDown UIInterfaceOrientationLandscapeLeft UIInterfaceOrientationLandscapeRight";
				INFOPLIST_KEY_UISupportedInterfaceOrientations_iPhone = "UIInterfaceOrientationPortrait UIInterfaceOrientationLandscapeLeft UIInterfaceOrientationLandscapeRight";
				LD_RUNPATH_SEARCH_PATHS = (
					"$(inherited)",
					"@executable_path/Frameworks",
				);
				MARKETING_VERSION = 1.0;
				PRODUCT_BUNDLE_IDENTIFIER = Johnny.Movie;
				PRODUCT_NAME = "$(TARGET_NAME)";
				SWIFT_EMIT_LOC_STRINGS = YES;
				SWIFT_VERSION = 5.0;
				TARGETED_DEVICE_FAMILY = "1,2";
			};
			name = Debug;
		};
		B2880F3D2BB5102800687B83 /* Release */ = {
			isa = XCBuildConfiguration;
			buildSettings = {
				ASSETCATALOG_COMPILER_APPICON_NAME = AppIcon;
				ASSETCATALOG_COMPILER_GLOBAL_ACCENT_COLOR_NAME = AccentColor;
				CODE_SIGN_STYLE = Automatic;
				CURRENT_PROJECT_VERSION = 1;
				DEVELOPMENT_ASSET_PATHS = "\"Movie/Preview Content\"";
				ENABLE_PREVIEWS = YES;
				GENERATE_INFOPLIST_FILE = YES;
				INFOPLIST_KEY_UIApplicationSceneManifest_Generation = YES;
				INFOPLIST_KEY_UIApplicationSupportsIndirectInputEvents = YES;
				INFOPLIST_KEY_UILaunchScreen_Generation = YES;
				INFOPLIST_KEY_UISupportedInterfaceOrientations_iPad = "UIInterfaceOrientationPortrait UIInterfaceOrientationPortraitUpsideDown UIInterfaceOrientationLandscapeLeft UIInterfaceOrientationLandscapeRight";
				INFOPLIST_KEY_UISupportedInterfaceOrientations_iPhone = "UIInterfaceOrientationPortrait UIInterfaceOrientationLandscapeLeft UIInterfaceOrientationLandscapeRight";
				LD_RUNPATH_SEARCH_PATHS = (
					"$(inherited)",
					"@executable_path/Frameworks",
				);
				MARKETING_VERSION = 1.0;
				PRODUCT_BUNDLE_IDENTIFIER = Johnny.Movie;
				PRODUCT_NAME = "$(TARGET_NAME)";
				SWIFT_EMIT_LOC_STRINGS = YES;
				SWIFT_VERSION = 5.0;
				TARGETED_DEVICE_FAMILY = "1,2";
			};
			name = Release;
		};
/* End XCBuildConfiguration section */

/* Begin XCConfigurationList section */
		B2880F282BB5102400687B83 /* Build configuration list for PBXProject "Movie" */ = {
			isa = XCConfigurationList;
			buildConfigurations = (
				B2880F392BB5102800687B83 /* Debug */,
				B2880F3A2BB5102800687B83 /* Release */,
			);
			defaultConfigurationIsVisible = 0;
			defaultConfigurationName = Release;
		};
		B2880F3B2BB5102800687B83 /* Build configuration list for PBXNativeTarget "Movie" */ = {
			isa = XCConfigurationList;
			buildConfigurations = (
				B2880F3C2BB5102800687B83 /* Debug */,
				B2880F3D2BB5102800687B83 /* Release */,
			);
			defaultConfigurationIsVisible = 0;
			defaultConfigurationName = Release;
		};
/* End XCConfigurationList section */
	};
	rootObject = B2880F252BB5102400687B83 /* Project object */;
}
